// !$*UTF8*$!
{
	archiveVersion = 1;
	classes = {
	};
	objectVersion = 77;
	objects = {

/* Begin PBXBuildFile section */
		AA91A4E83011803800162262 /* StreamChatSwiftUI in Frameworks */ = {isa = PBXBuildFile; productRef = AA91A4E73011803800162262 /* StreamChatSwiftUI */; };
		AAABF3A630103C1D00F9D18B /* FirebaseCore in Frameworks */ = {isa = PBXBuildFile; productRef = AAABF3A530103C1D00F9D18B /* FirebaseCore */; };
		AAABF3A830103C2400F9D18B /* FirebaseAuth in Frameworks */ = {isa = PBXBuildFile; productRef = AAABF3A730103C2400F9D18B /* FirebaseAuth */; };
		AAABF3AA30103C2D00F9D18B /* FirebaseFirestore in Frameworks */ = {isa = PBXBuildFile; productRef = AAABF3A930103C2D00F9D18B /* FirebaseFirestore */; };
		AAABF3AC30103C3400F9D18B /* FirebaseMessaging in Frameworks */ = {isa = PBXBuildFile; productRef = AAABF3AB30103C3400F9D18B /* FirebaseMessaging */; };
		AAABF3AE30103C4000F9D18B /* FirebaseStorage in Frameworks */ = {isa = PBXBuildFile; productRef = AAABF3AD30103C4000F9D18B /* FirebaseStorage */; };
		AB91A4F03011803900162262 /* StreamChat in Frameworks */ = {isa = PBXBuildFile; productRef = AB91A4EF3011803900162262 /* StreamChat */; };
/* End PBXBuildFile section */

/* Begin PBXContainerItemProxy section */
		AAABF38330102DD100F9D18B /* PBXContainerItemProxy */ = {
			isa = PBXContainerItemProxy;
			containerPortal = AAABF36B30102DD000F9D18B /* Project object */;
			proxyType = 1;
			remoteGlobalIDString = AAABF37230102DD000F9D18B;
			remoteInfo = explog;
		};
		AAABF38D30102DD100F9D18B /* PBXContainerItemProxy */ = {
			isa = PBXContainerItemProxy;
			containerPortal = AAABF36B30102DD000F9D18B /* Project object */;
			proxyType = 1;
			remoteGlobalIDString = AAABF37230102DD000F9D18B;
			remoteInfo = explog;
		};
/* End PBXContainerItemProxy section */

/* Begin PBXFileReference section */
		AAABF37330102DD000F9D18B /* explog.app */ = {isa = PBXFileReference; explicitFileType = wrapper.application; includeInIndex = 0; path = explog.app; sourceTree = BUILT_PRODUCTS_DIR; };
		AAABF38230102DD100F9D18B /* explogTests.xctest */ = {isa = PBXFileReference; explicitFileType = wrapper.cfbundle; includeInIndex = 0; path = explogTests.xctest; sourceTree = BUILT_PRODUCTS_DIR; };
		AAABF38C30102DD100F9D18B /* explogUITests.xctest */ = {isa = PBXFileReference; explicitFileType = wrapper.cfbundle; includeInIndex = 0; path = explogUITests.xctest; sourceTree = BUILT_PRODUCTS_DIR; };
/* End PBXFileReference section */

/* Begin PBXFileSystemSynchronizedRootGroup section */
		AAABF37530102DD000F9D18B /* explog */ = {
			isa = PBXFileSystemSynchronizedRootGroup;
			path = explog;
			sourceTree = "<group>";
		};
		AAABF38530102DD100F9D18B /* explogTests */ = {
			isa = PBXFileSystemSynchronizedRootGroup;
			path = explogTests;
			sourceTree = "<group>";
		};
		AAABF38F30102DD100F9D18B /* explogUITests */ = {
			isa = PBXFileSystemSynchronizedRootGroup;
			path = explogUITests;
			sourceTree = "<group>";
		};
/* End PBXFileSystemSynchronizedRootGroup section */

/* Begin PBXFrameworksBuildPhase section */
		AAABF37030102DD000F9D18B /* Frameworks */ = {
			isa = PBXFrameworksBuildPhase;
			buildActionMask = 2147483647;
			files = (
				AAABF3AC30103C3400F9D18B /* FirebaseMessaging in Frameworks */,
				AAABF3AE30103C4000F9D18B /* FirebaseStorage in Frameworks */,
				AAABF3A630103C1D00F9D18B /* FirebaseCore in Frameworks */,
				AAABF3A830103C2400F9D18B /* FirebaseAuth in Frameworks */,
				AA91A4E83011803800162262 /* StreamChatSwiftUI in Frameworks */,
				AB91A4F03011803900162262 /* StreamChat in Frameworks */,
				AAABF3AA30103C2D00F9D18B /* FirebaseFirestore in Frameworks */,
			);
			runOnlyForDeploymentPostprocessing = 0;
		};
		AAABF37F30102DD100F9D18B /* Frameworks */ = {
			isa = PBXFrameworksBuildPhase;
			buildActionMask = 2147483647;
			files = (
			);
			runOnlyForDeploymentPostprocessing = 0;
		};
		AAABF38930102DD100F9D18B /* Frameworks */ = {
			isa = PBXFrameworksBuildPhase;
			buildActionMask = 2147483647;
			files = (
			);
			runOnlyForDeploymentPostprocessing = 0;
		};
/* End PBXFrameworksBuildPhase section */

/* Begin PBXGroup section */
		AAABF36A30102DD000F9D18B = {
			isa = PBXGroup;
			children = (
				AAABF37530102DD000F9D18B /* explog */,
				AAABF38530102DD100F9D18B /* explogTests */,
				AAABF38F30102DD100F9D18B /* explogUITests */,
				AAABF3A430103C1D00F9D18B /* Frameworks */,
				AAABF37430102DD000F9D18B /* Products */,
			);
			sourceTree = "<group>";
		};
		AAABF37430102DD000F9D18B /* Products */ = {
			isa = PBXGroup;
			children = (
				AAABF37330102DD000F9D18B /* explog.app */,
				AAABF38230102DD100F9D18B /* explogTests.xctest */,
				AAABF38C30102DD100F9D18B /* explogUITests.xctest */,
			);
			name = Products;
			sourceTree = "<group>";
		};
		AAABF3A430103C1D00F9D18B /* Frameworks */ = {
			isa = PBXGroup;
			children = (
			);
			name = Frameworks;
			sourceTree = "<group>";
		};
/* End PBXGroup section */

/* Begin PBXNativeTarget section */
		AAABF37230102DD000F9D18B /* explog */ = {
			isa = PBXNativeTarget;
			buildConfigurationList = AAABF39630102DD100F9D18B /* Build configuration list for PBXNativeTarget "explog" */;
			buildPhases = (
				AAABF36F30102DD000F9D18B /* Sources */,
				AAABF37030102DD000F9D18B /* Frameworks */,
				AAABF37130102DD000F9D18B /* Resources */,
			);
			buildRules = (
			);
			dependencies = (
			);
			fileSystemSynchronizedGroups = (
				AAABF37530102DD000F9D18B /* explog */,
			);
			name = explog;
			packageProductDependencies = (
				AAABF3A530103C1D00F9D18B /* FirebaseCore */,
				AAABF3A730103C2400F9D18B /* FirebaseAuth */,
				AAABF3A930103C2D00F9D18B /* FirebaseFirestore */,
				AAABF3AB30103C3400F9D18B /* FirebaseMessaging */,
				AAABF3AD30103C4000F9D18B /* FirebaseStorage */,
				AA91A4E73011803800162262 /* StreamChatSwiftUI */,
				AB91A4EF3011803900162262 /* StreamChat */,
			);
			productName = explog;
			productReference = AAABF37330102DD000F9D18B /* explog.app */;
			productType = "com.apple.product-type.application";
		};
		AAABF38130102DD100F9D18B /* explogTests */ = {
			isa = PBXNativeTarget;
			buildConfigurationList = AAABF39930102DD100F9D18B /* Build configuration list for PBXNativeTarget "explogTests" */;
			buildPhases = (
				AAABF37E30102DD100F9D18B /* Sources */,
				AAABF37F30102DD100F9D18B /* Frameworks */,
				AAABF38030102DD100F9D18B /* Resources */,
			);
			buildRules = (
			);
			dependencies = (
				AAABF38430102DD100F9D18B /* PBXTargetDependency */,
			);
			fileSystemSynchronizedGroups = (
				AAABF38530102DD100F9D18B /* explogTests */,
			);
			name = explogTests;
			packageProductDependencies = (
			);
			productName = explogTests;
			productReference = AAABF38230102DD100F9D18B /* explogTests.xctest */;
			productType = "com.apple.product-type.bundle.unit-test";
		};
		AAABF38B30102DD100F9D18B /* explogUITests */ = {
			isa = PBXNativeTarget;
			buildConfigurationList = AAABF39C30102DD100F9D18B /* Build configuration list for PBXNativeTarget "explogUITests" */;
			buildPhases = (
				AAABF38830102DD100F9D18B /* Sources */,
				AAABF38930102DD100F9D18B /* Frameworks */,
				AAABF38A30102DD100F9D18B /* Resources */,
			);
			buildRules = (
			);
			dependencies = (
				AAABF38E30102DD100F9D18B /* PBXTargetDependency */,
			);
			fileSystemSynchronizedGroups = (
				AAABF38F30102DD100F9D18B /* explogUITests */,
			);
			name = explogUITests;
			packageProductDependencies = (
			);
			productName = explogUITests;
			productReference = AAABF38C30102DD100F9D18B /* explogUITests.xctest */;
			productType = "com.apple.product-type.bundle.ui-testing";
		};
/* End PBXNativeTarget section */

/* Begin PBXProject section */
		AAABF36B30102DD000F9D18B /* Project object */ = {
			isa = PBXProject;
			attributes = {
				BuildIndependentTargetsInParallel = 1;
				LastSwiftUpdateCheck = 2660;
				LastUpgradeCheck = 2660;
				TargetAttributes = {
					AAABF37230102DD000F9D18B = {
						CreatedOnToolsVersion = 26.6;
					};
					AAABF38130102DD100F9D18B = {
						CreatedOnToolsVersion = 26.6;
						TestTargetID = AAABF37230102DD000F9D18B;
					};
					AAABF38B30102DD100F9D18B = {
						CreatedOnToolsVersion = 26.6;
						TestTargetID = AAABF37230102DD000F9D18B;
					};
				};
			};
			buildConfigurationList = AAABF36E30102DD000F9D18B /* Build configuration list for PBXProject "explog" */;
			developmentRegion = en;
			hasScannedForEncodings = 0;
			knownRegions = (
				en,
				Base,
			);
			mainGroup = AAABF36A30102DD000F9D18B;
			minimizedProjectReferenceProxies = 1;
			packageReferences = (
				AAABF3A330103B8A00F9D18B /* XCRemoteSwiftPackageReference "firebase-ios-sdk" */,
				AA91A4E63011803800162262 /* XCRemoteSwiftPackageReference "stream-chat-swiftui" */,
			);
			preferredProjectObjectVersion = 77;
			productRefGroup = AAABF37430102DD000F9D18B /* Products */;
			projectDirPath = "";
			projectRoot = "";
			targets = (
				AAABF37230102DD000F9D18B /* explog */,
				AAABF38130102DD100F9D18B /* explogTests */,
				AAABF38B30102DD100F9D18B /* explogUITests */,
			);
		};
/* End PBXProject section */

/* Begin PBXResourcesBuildPhase section */
		AAABF37130102DD000F9D18B /* Resources */ = {
			isa = PBXResourcesBuildPhase;
			buildActionMask = 2147483647;
			files = (
			);
			runOnlyForDeploymentPostprocessing = 0;
		};
		AAABF38030102DD100F9D18B /* Resources */ = {
			isa = PBXResourcesBuildPhase;
			buildActionMask = 2147483647;
			files = (
			);
			runOnlyForDeploymentPostprocessing = 0;
		};
		AAABF38A30102DD100F9D18B /* Resources */ = {
			isa = PBXResourcesBuildPhase;
			buildActionMask = 2147483647;
			files = (
			);
			runOnlyForDeploymentPostprocessing = 0;
		};
/* End PBXResourcesBuildPhase section */

/* Begin PBXSourcesBuildPhase section */
		AAABF36F30102DD000F9D18B /* Sources */ = {
			isa = PBXSourcesBuildPhase;
			buildActionMask = 2147483647;
			files = (
			);
			runOnlyForDeploymentPostprocessing = 0;
		};
		AAABF37E30102DD100F9D18B /* Sources */ = {
			isa = PBXSourcesBuildPhase;
			buildActionMask = 2147483647;
			files = (
			);
			runOnlyForDeploymentPostprocessing = 0;
		};
		AAABF38830102DD100F9D18B /* Sources */ = {
			isa = PBXSourcesBuildPhase;
			buildActionMask = 2147483647;
			files = (
			);
			runOnlyForDeploymentPostprocessing = 0;
		};
/* End PBXSourcesBuildPhase section */

/* Begin PBXTargetDependency section */
		AAABF38430102DD100F9D18B /* PBXTargetDependency */ = {
			isa = PBXTargetDependency;
			target = AAABF37230102DD000F9D18B /* explog */;
			targetProxy = AAABF38330102DD100F9D18B /* PBXContainerItemProxy */;
		};
		AAABF38E30102DD100F9D18B /* PBXTargetDependency */ = {
			isa = PBXTargetDependency;
			target = AAABF37230102DD000F9D18B /* explog */;
			targetProxy = AAABF38D30102DD100F9D18B /* PBXContainerItemProxy */;
		};
/* End PBXTargetDependency section */

/* Begin XCBuildConfiguration section */
		AAABF39430102DD100F9D18B /* Debug */ = {
			isa = XCBuildConfiguration;
			buildSettings = {
				ALWAYS_SEARCH_USER_PATHS = NO;
				ASSETCATALOG_COMPILER_GENERATE_SWIFT_ASSET_SYMBOL_EXTENSIONS = YES;
				CLANG_ANALYZER_NONNULL = YES;
				CLANG_ANALYZER_NUMBER_OBJECT_CONVERSION = YES_AGGRESSIVE;
				CLANG_CXX_LANGUAGE_STANDARD = "gnu++20";
				CLANG_ENABLE_MODULES = YES;
				CLANG_ENABLE_OBJC_ARC = YES;
				CLANG_ENABLE_OBJC_WEAK = YES;
				CLANG_WARN_BLOCK_CAPTURE_AUTORELEASING = YES;
				CLANG_WARN_BOOL_CONVERSION = YES;
				CLANG_WARN_COMMA = YES;
				CLANG_WARN_CONSTANT_CONVERSION = YES;
				CLANG_WARN_DEPRECATED_OBJC_IMPLEMENTATIONS = YES;
				CLANG_WARN_DIRECT_OBJC_ISA_USAGE = YES_ERROR;
				CLANG_WARN_DOCUMENTATION_COMMENTS = YES;
				CLANG_WARN_EMPTY_BODY = YES;
				CLANG_WARN_ENUM_CONVERSION = YES;
				CLANG_WARN_INFINITE_RECURSION = YES;
				CLANG_WARN_INT_CONVERSION = YES;
				CLANG_WARN_NON_LITERAL_NULL_CONVERSION = YES;
				CLANG_WARN_OBJC_IMPLICIT_RETAIN_SELF = YES;
				CLANG_WARN_OBJC_LITERAL_CONVERSION = YES;
				CLANG_WARN_OBJC_ROOT_CLASS = YES_ERROR;
				CLANG_WARN_QUOTED_INCLUDE_IN_FRAMEWORK_HEADER = YES;
				CLANG_WARN_RANGE_LOOP_ANALYSIS = YES;
				CLANG_WARN_STRICT_PROTOTYPES = YES;
				CLANG_WARN_SUSPICIOUS_MOVE = YES;
				CLANG_WARN_UNGUARDED_AVAILABILITY = YES_AGGRESSIVE;
				CLANG_WARN_UNREACHABLE_CODE = YES;
				CLANG_WARN__DUPLICATE_METHOD_MATCH = YES;
				COPY_PHASE_STRIP = NO;
				DEBUG_INFORMATION_FORMAT = dwarf;
				ENABLE_STRICT_OBJC_MSGSEND = YES;
				ENABLE_TESTABILITY = YES;
				ENABLE_USER_SCRIPT_SANDBOXING = YES;
				GCC_C_LANGUAGE_STANDARD = gnu17;
				GCC_DYNAMIC_NO_PIC = NO;
				GCC_NO_COMMON_BLOCKS = YES;
				GCC_OPTIMIZATION_LEVEL = 0;
				GCC_PREPROCESSOR_DEFINITIONS = (
					"DEBUG=1",
					"$(inherited)",
				);
				GCC_WARN_64_TO_32_BIT_CONVERSION = YES;
				GCC_WARN_ABOUT_RETURN_TYPE = YES_ERROR;
				GCC_WARN_UNDECLARED_SELECTOR = YES;
				GCC_WARN_UNINITIALIZED_AUTOS = YES_AGGRESSIVE;
				GCC_WARN_UNUSED_FUNCTION = YES;
				GCC_WARN_UNUSED_VARIABLE = YES;
				LOCALIZATION_PREFERS_STRING_CATALOGS = YES;
				MTL_ENABLE_DEBUG_INFO = INCLUDE_SOURCE;
				MTL_FAST_MATH = YES;
				ONLY_ACTIVE_ARCH = YES;
				SWIFT_ACTIVE_COMPILATION_CONDITIONS = "DEBUG $(inherited)";
				SWIFT_OPTIMIZATION_LEVEL = "-Onone";
			};
			name = Debug;
		};
		AAABF39530102DD100F9D18B /* Release */ = {
			isa = XCBuildConfiguration;
			buildSettings = {
				ALWAYS_SEARCH_USER_PATHS = NO;
				ASSETCATALOG_COMPILER_GENERATE_SWIFT_ASSET_SYMBOL_EXTENSIONS = YES;
				CLANG_ANALYZER_NONNULL = YES;
				CLANG_ANALYZER_NUMBER_OBJECT_CONVERSION = YES_AGGRESSIVE;
				CLANG_CXX_LANGUAGE_STANDARD = "gnu++20";
				CLANG_ENABLE_MODULES = YES;
				CLANG_ENABLE_OBJC_ARC = YES;
				CLANG_ENABLE_OBJC_WEAK = YES;
				CLANG_WARN_BLOCK_CAPTURE_AUTORELEASING = YES;
				CLANG_WARN_BOOL_CONVERSION = YES;
				CLANG_WARN_COMMA = YES;
				CLANG_WARN_CONSTANT_CONVERSION = YES;
				CLANG_WARN_DEPRECATED_OBJC_IMPLEMENTATIONS = YES;
				CLANG_WARN_DIRECT_OBJC_ISA_USAGE = YES_ERROR;
				CLANG_WARN_DOCUMENTATION_COMMENTS = YES;
				CLANG_WARN_EMPTY_BODY = YES;
				CLANG_WARN_ENUM_CONVERSION = YES;
				CLANG_WARN_INFINITE_RECURSION = YES;
				CLANG_WARN_INT_CONVERSION = YES;
				CLANG_WARN_NON_LITERAL_NULL_CONVERSION = YES;
				CLANG_WARN_OBJC_IMPLICIT_RETAIN_SELF = YES;
				CLANG_WARN_OBJC_LITERAL_CONVERSION = YES;
				CLANG_WARN_OBJC_ROOT_CLASS = YES_ERROR;
				CLANG_WARN_QUOTED_INCLUDE_IN_FRAMEWORK_HEADER = YES;
				CLANG_WARN_RANGE_LOOP_ANALYSIS = YES;
				CLANG_WARN_STRICT_PROTOTYPES = YES;
				CLANG_WARN_SUSPICIOUS_MOVE = YES;
				CLANG_WARN_UNGUARDED_AVAILABILITY = YES_AGGRESSIVE;
				CLANG_WARN_UNREACHABLE_CODE = YES;
				CLANG_WARN__DUPLICATE_METHOD_MATCH = YES;
				COPY_PHASE_STRIP = NO;
				DEBUG_INFORMATION_FORMAT = "dwarf-with-dsym";
				ENABLE_NS_ASSERTIONS = NO;
				ENABLE_STRICT_OBJC_MSGSEND = YES;
				ENABLE_USER_SCRIPT_SANDBOXING = YES;
				GCC_C_LANGUAGE_STANDARD = gnu17;
				GCC_NO_COMMON_BLOCKS = YES;
				GCC_WARN_64_TO_32_BIT_CONVERSION = YES;
				GCC_WARN_ABOUT_RETURN_TYPE = YES_ERROR;
				GCC_WARN_UNDECLARED_SELECTOR = YES;
				GCC_WARN_UNINITIALIZED_AUTOS = YES_AGGRESSIVE;
				GCC_WARN_UNUSED_FUNCTION = YES;
				GCC_WARN_UNUSED_VARIABLE = YES;
				LOCALIZATION_PREFERS_STRING_CATALOGS = YES;
				MTL_ENABLE_DEBUG_INFO = NO;
				MTL_FAST_MATH = YES;
				SWIFT_COMPILATION_MODE = wholemodule;
			};
			name = Release;
		};
		AAABF39730102DD100F9D18B /* Debug */ = {
			isa = XCBuildConfiguration;
			buildSettings = {
				ASSETCATALOG_COMPILER_APPICON_NAME = AppIcon;
				ASSETCATALOG_COMPILER_GLOBAL_ACCENT_COLOR_NAME = AccentColor;
				ASSETCATALOG_COMPILER_INCLUDE_ALL_APPICON_ASSETS = YES;
				CODE_SIGN_ENTITLEMENTS = explog/explog.entitlements;
				CODE_SIGN_IDENTITY = "Apple Development";
				CODE_SIGN_STYLE = Automatic;
				CURRENT_PROJECT_VERSION = 1;
				DEVELOPMENT_TEAM = 6JV8CSBD6P;
				ENABLE_APP_SANDBOX = YES;
				ENABLE_PREVIEWS = YES;
				ENABLE_USER_SELECTED_FILES = readonly;
				GENERATE_INFOPLIST_FILE = YES;
				INFOPLIST_FILE = Config/Info.plist;
				INFOPLIST_KEY_CFBundleDisplayName = Ralli;
				INFOPLIST_KEY_NSCameraUsageDescription = "Ralli uses the camera to capture your 3-second logs.";
				INFOPLIST_KEY_NSLocationWhenInUseUsageDescription = "Ralli uses your location to show nearby experiences and beacons.";
				INFOPLIST_KEY_NSMicrophoneUsageDescription = "Ralli records ambient sound with your video logs.";
				INFOPLIST_KEY_NSPhotoLibraryAddUsageDescription = "Ralli saves your edited logs to your photo library.";
				INFOPLIST_KEY_NSPhotoLibraryUsageDescription = "Ralli needs access to your photo library so you can share photos and videos in your logs.";
				"INFOPLIST_KEY_UIApplicationSceneManifest_Generation[sdk=iphoneos*]" = YES;
				"INFOPLIST_KEY_UIApplicationSceneManifest_Generation[sdk=iphonesimulator*]" = YES;
				"INFOPLIST_KEY_UIApplicationSupportsIndirectInputEvents[sdk=iphoneos*]" = YES;
				"INFOPLIST_KEY_UIApplicationSupportsIndirectInputEvents[sdk=iphonesimulator*]" = YES;
				"INFOPLIST_KEY_UILaunchScreen_Generation[sdk=iphoneos*]" = YES;
				"INFOPLIST_KEY_UILaunchScreen_Generation[sdk=iphonesimulator*]" = YES;
				"INFOPLIST_KEY_UIStatusBarStyle[sdk=iphoneos*]" = UIStatusBarStyleDefault;
				"INFOPLIST_KEY_UIStatusBarStyle[sdk=iphonesimulator*]" = UIStatusBarStyleDefault;
				INFOPLIST_KEY_UISupportedInterfaceOrientations_iPad = "UIInterfaceOrientationPortrait UIInterfaceOrientationPortraitUpsideDown UIInterfaceOrientationLandscapeLeft UIInterfaceOrientationLandscapeRight";
				INFOPLIST_KEY_UISupportedInterfaceOrientations_iPhone = UIInterfaceOrientationPortrait;
				IPHONEOS_DEPLOYMENT_TARGET = 26.5;
				LD_RUNPATH_SEARCH_PATHS = "@executable_path/Frameworks";
				"LD_RUNPATH_SEARCH_PATHS[sdk=macosx*]" = "@executable_path/../Frameworks";
				MACOSX_DEPLOYMENT_TARGET = 26.5;
				MARKETING_VERSION = 10.0;
				PRODUCT_BUNDLE_IDENTIFIER = com.ej.explog;
				PRODUCT_NAME = "$(TARGET_NAME)";
				PROVISIONING_PROFILE_SPECIFIER = "";
				REGISTER_APP_GROUPS = YES;
				SDKROOT = auto;
				STRING_CATALOG_GENERATE_SYMBOLS = YES;
				SUPPORTED_PLATFORMS = "iphoneos iphonesimulator";
				SUPPORTS_MACCATALYST = NO;
				SWIFT_APPROACHABLE_CONCURRENCY = YES;
				SWIFT_DEFAULT_ACTOR_ISOLATION = MainActor;
				SWIFT_EMIT_LOC_STRINGS = YES;
				SWIFT_UPCOMING_FEATURE_MEMBER_IMPORT_VISIBILITY = YES;
				SWIFT_VERSION = 5.0;
				TARGETED_DEVICE_FAMILY = "1,2";
				XROS_DEPLOYMENT_TARGET = 26.5;
			};
			name = Debug;
		};
		AAABF39830102DD100F9D18B /* Release */ = {
			isa = XCBuildConfiguration;
			buildSettings = {
				ASSETCATALOG_COMPILER_APPICON_NAME = AppIcon;
				ASSETCATALOG_COMPILER_GLOBAL_ACCENT_COLOR_NAME = AccentColor;
				ASSETCATALOG_COMPILER_INCLUDE_ALL_APPICON_ASSETS = YES;
				CODE_SIGN_ENTITLEMENTS = explog/explog.entitlements;
				CODE_SIGN_IDENTITY = "Apple Development";
				CODE_SIGN_STYLE = Automatic;
				CURRENT_PROJECT_VERSION = 1;
				DEVELOPMENT_TEAM = 6JV8CSBD6P;
				ENABLE_APP_SANDBOX = YES;
				ENABLE_PREVIEWS = YES;
				ENABLE_USER_SELECTED_FILES = readonly;
				GENERATE_INFOPLIST_FILE = YES;
				INFOPLIST_FILE = Config/Info.plist;
				INFOPLIST_KEY_CFBundleDisplayName = Ralli;
				INFOPLIST_KEY_NSCameraUsageDescription = "Ralli uses the camera to capture your 3-second logs.";
				INFOPLIST_KEY_NSLocationWhenInUseUsageDescription = "Ralli uses your location to show nearby experiences and beacons.";
				INFOPLIST_KEY_NSMicrophoneUsageDescription = "Ralli records ambient sound with your video logs.";
				INFOPLIST_KEY_NSPhotoLibraryAddUsageDescription = "Ralli saves your edited logs to your photo library.";
				INFOPLIST_KEY_NSPhotoLibraryUsageDescription = "Ralli needs access to your photo library so you can share photos and videos in your logs.";
				"INFOPLIST_KEY_UIApplicationSceneManifest_Generation[sdk=iphoneos*]" = YES;
				"INFOPLIST_KEY_UIApplicationSceneManifest_Generation[sdk=iphonesimulator*]" = YES;
				"INFOPLIST_KEY_UIApplicationSupportsIndirectInputEvents[sdk=iphoneos*]" = YES;
				"INFOPLIST_KEY_UIApplicationSupportsIndirectInputEvents[sdk=iphonesimulator*]" = YES;
				"INFOPLIST_KEY_UILaunchScreen_Generation[sdk=iphoneos*]" = YES;
				"INFOPLIST_KEY_UILaunchScreen_Generation[sdk=iphonesimulator*]" = YES;
				"INFOPLIST_KEY_UIStatusBarStyle[sdk=iphoneos*]" = UIStatusBarStyleDefault;
				"INFOPLIST_KEY_UIStatusBarStyle[sdk=iphonesimulator*]" = UIStatusBarStyleDefault;
				INFOPLIST_KEY_UISupportedInterfaceOrientations_iPad = "UIInterfaceOrientationPortrait UIInterfaceOrientationPortraitUpsideDown UIInterfaceOrientationLandscapeLeft UIInterfaceOrientationLandscapeRight";
				INFOPLIST_KEY_UISupportedInterfaceOrientations_iPhone = UIInterfaceOrientationPortrait;
				IPHONEOS_DEPLOYMENT_TARGET = 26.5;
				LD_RUNPATH_SEARCH_PATHS = "@executable_path/Frameworks";
				"LD_RUNPATH_SEARCH_PATHS[sdk=macosx*]" = "@executable_path/../Frameworks";
				MACOSX_DEPLOYMENT_TARGET = 26.5;
				MARKETING_VERSION = 10.0;
				PRODUCT_BUNDLE_IDENTIFIER = com.ej.explog;
				PRODUCT_NAME = "$(TARGET_NAME)";
				PROVISIONING_PROFILE_SPECIFIER = "";
				REGISTER_APP_GROUPS = YES;
				SDKROOT = auto;
				STRING_CATALOG_GENERATE_SYMBOLS = YES;
				SUPPORTED_PLATFORMS = "iphoneos iphonesimulator";
				SUPPORTS_MACCATALYST = NO;
				SWIFT_APPROACHABLE_CONCURRENCY = YES;
				SWIFT_DEFAULT_ACTOR_ISOLATION = MainActor;
				SWIFT_EMIT_LOC_STRINGS = YES;
				SWIFT_UPCOMING_FEATURE_MEMBER_IMPORT_VISIBILITY = YES;
				SWIFT_VERSION = 5.0;
				TARGETED_DEVICE_FAMILY = "1,2";
				XROS_DEPLOYMENT_TARGET = 26.5;
			};
			name = Release;
		};
		AAABF39A30102DD100F9D18B /* Debug */ = {
			isa = XCBuildConfiguration;
			buildSettings = {
				BUNDLE_LOADER = "$(TEST_HOST)";
				CODE_SIGN_STYLE = Automatic;
				CURRENT_PROJECT_VERSION = 1;
				GENERATE_INFOPLIST_FILE = YES;
				IPHONEOS_DEPLOYMENT_TARGET = 26.5;
				MACOSX_DEPLOYMENT_TARGET = 26.5;
				MARKETING_VERSION = 1.0;
				PRODUCT_BUNDLE_IDENTIFIER = EJ.explogTests;
				PRODUCT_NAME = "$(TARGET_NAME)";
				SDKROOT = auto;
				STRING_CATALOG_GENERATE_SYMBOLS = NO;
				SUPPORTED_PLATFORMS = "iphoneos iphonesimulator macosx xros xrsimulator";
				SWIFT_APPROACHABLE_CONCURRENCY = YES;
				SWIFT_EMIT_LOC_STRINGS = NO;
				SWIFT_UPCOMING_FEATURE_MEMBER_IMPORT_VISIBILITY = YES;
				SWIFT_VERSION = 5.0;
				TARGETED_DEVICE_FAMILY = "1,2,7";
				TEST_HOST = "$(BUILT_PRODUCTS_DIR)/explog.app/$(BUNDLE_EXECUTABLE_FOLDER_PATH)/explog";
				XROS_DEPLOYMENT_TARGET = 26.5;
			};
			name = Debug;
		};
		AAABF39B30102DD100F9D18B /* Release */ = {
			isa = XCBuildConfiguration;
			buildSettings = {
				BUNDLE_LOADER = "$(TEST_HOST)";
				CODE_SIGN_STYLE = Automatic;
				CURRENT_PROJECT_VERSION = 1;
				GENERATE_INFOPLIST_FILE = YES;
				IPHONEOS_DEPLOYMENT_TARGET = 26.5;
				MACOSX_DEPLOYMENT_TARGET = 26.5;
				MARKETING_VERSION = 1.0;
				PRODUCT_BUNDLE_IDENTIFIER = EJ.explogTests;
				PRODUCT_NAME = "$(TARGET_NAME)";
				SDKROOT = auto;
				STRING_CATALOG_GENERATE_SYMBOLS = NO;
				SUPPORTED_PLATFORMS = "iphoneos iphonesimulator macosx xros xrsimulator";
				SWIFT_APPROACHABLE_CONCURRENCY = YES;
				SWIFT_EMIT_LOC_STRINGS = NO;
				SWIFT_UPCOMING_FEATURE_MEMBER_IMPORT_VISIBILITY = YES;
				SWIFT_VERSION = 5.0;
				TARGETED_DEVICE_FAMILY = "1,2,7";
				TEST_HOST = "$(BUILT_PRODUCTS_DIR)/explog.app/$(BUNDLE_EXECUTABLE_FOLDER_PATH)/explog";
				XROS_DEPLOYMENT_TARGET = 26.5;
			};
			name = Release;
		};
		AAABF39D30102DD100F9D18B /* Debug */ = {
			isa = XCBuildConfiguration;
			buildSettings = {
				CODE_SIGN_STYLE = Automatic;
				CURRENT_PROJECT_VERSION = 1;
				GENERATE_INFOPLIST_FILE = YES;
				IPHONEOS_DEPLOYMENT_TARGET = 26.5;
				MACOSX_DEPLOYMENT_TARGET = 26.5;
				MARKETING_VERSION = 1.0;
				PRODUCT_BUNDLE_IDENTIFIER = EJ.explogUITests;
				PRODUCT_NAME = "$(TARGET_NAME)";
				SDKROOT = auto;
				STRING_CATALOG_GENERATE_SYMBOLS = NO;
				SUPPORTED_PLATFORMS = "iphoneos iphonesimulator macosx xros xrsimulator";
				SWIFT_APPROACHABLE_CONCURRENCY = YES;
				SWIFT_EMIT_LOC_STRINGS = NO;
				SWIFT_UPCOMING_FEATURE_MEMBER_IMPORT_VISIBILITY = YES;
				SWIFT_VERSION = 5.0;
				TARGETED_DEVICE_FAMILY = "1,2,7";
				TEST_TARGET_NAME = explog;
				XROS_DEPLOYMENT_TARGET = 26.5;
			};
			name = Debug;
		};
		AAABF39E30102DD100F9D18B /* Release */ = {
			isa = XCBuildConfiguration;
			buildSettings = {
				CODE_SIGN_STYLE = Automatic;
				CURRENT_PROJECT_VERSION = 1;
				GENERATE_INFOPLIST_FILE = YES;
				IPHONEOS_DEPLOYMENT_TARGET = 26.5;
				MACOSX_DEPLOYMENT_TARGET = 26.5;
				MARKETING_VERSION = 1.0;
				PRODUCT_BUNDLE_IDENTIFIER = EJ.explogUITests;
				PRODUCT_NAME = "$(TARGET_NAME)";
				SDKROOT = auto;
				STRING_CATALOG_GENERATE_SYMBOLS = NO;
				SUPPORTED_PLATFORMS = "iphoneos iphonesimulator macosx xros xrsimulator";
				SWIFT_APPROACHABLE_CONCURRENCY = YES;
				SWIFT_EMIT_LOC_STRINGS = NO;
				SWIFT_UPCOMING_FEATURE_MEMBER_IMPORT_VISIBILITY = YES;
				SWIFT_VERSION = 5.0;
				TARGETED_DEVICE_FAMILY = "1,2,7";
				TEST_TARGET_NAME = explog;
				XROS_DEPLOYMENT_TARGET = 26.5;
			};
			name = Release;
		};
/* End XCBuildConfiguration section */

/* Begin XCConfigurationList section */
		AAABF36E30102DD000F9D18B /* Build configuration list for PBXProject "explog" */ = {
			isa = XCConfigurationList;
			buildConfigurations = (
				AAABF39430102DD100F9D18B /* Debug */,
				AAABF39530102DD100F9D18B /* Release */,
			);
			defaultConfigurationIsVisible = 0;
			defaultConfigurationName = Release;
		};
		AAABF39630102DD100F9D18B /* Build configuration list for PBXNativeTarget "explog" */ = {
			isa = XCConfigurationList;
			buildConfigurations = (
				AAABF39730102DD100F9D18B /* Debug */,
				AAABF39830102DD100F9D18B /* Release */,
			);
			defaultConfigurationIsVisible = 0;
			defaultConfigurationName = Release;
		};
		AAABF39930102DD100F9D18B /* Build configuration list for PBXNativeTarget "explogTests" */ = {
			isa = XCConfigurationList;
			buildConfigurations = (
				AAABF39A30102DD100F9D18B /* Debug */,
				AAABF39B30102DD100F9D18B /* Release */,
			);
			defaultConfigurationIsVisible = 0;
			defaultConfigurationName = Release;
		};
		AAABF39C30102DD100F9D18B /* Build configuration list for PBXNativeTarget "explogUITests" */ = {
			isa = XCConfigurationList;
			buildConfigurations = (
				AAABF39D30102DD100F9D18B /* Debug */,
				AAABF39E30102DD100F9D18B /* Release */,
			);
			defaultConfigurationIsVisible = 0;
			defaultConfigurationName = Release;
		};
/* End XCConfigurationList section */

/* Begin XCRemoteSwiftPackageReference section */
		AA91A4E63011803800162262 /* XCRemoteSwiftPackageReference "stream-chat-swiftui" */ = {
			isa = XCRemoteSwiftPackageReference;
			repositoryURL = "https://github.com/GetStream/stream-chat-swiftui";
			requirement = {
				kind = upToNextMajorVersion;
				minimumVersion = 5.7.0;
			};
		};
		AAABF3A330103B8A00F9D18B /* XCRemoteSwiftPackageReference "firebase-ios-sdk" */ = {
			isa = XCRemoteSwiftPackageReference;
			repositoryURL = "https://github.com/firebase/firebase-ios-sdk";
			requirement = {
				kind = upToNextMajorVersion;
				minimumVersion = 12.16.0;
			};
		};
/* End XCRemoteSwiftPackageReference section */

/* Begin XCSwiftPackageProductDependency section */
		AA91A4E73011803800162262 /* StreamChatSwiftUI */ = {
			isa = XCSwiftPackageProductDependency;
			package = AA91A4E63011803800162262 /* XCRemoteSwiftPackageReference "stream-chat-swiftui" */;
			productName = StreamChatSwiftUI;
		};
		AAABF3A530103C1D00F9D18B /* FirebaseCore */ = {
			isa = XCSwiftPackageProductDependency;
			package = AAABF3A330103B8A00F9D18B /* XCRemoteSwiftPackageReference "firebase-ios-sdk" */;
			productName = FirebaseCore;
		};
		AAABF3A730103C2400F9D18B /* FirebaseAuth */ = {
			isa = XCSwiftPackageProductDependency;
			package = AAABF3A330103B8A00F9D18B /* XCRemoteSwiftPackageReference "firebase-ios-sdk" */;
			productName = FirebaseAuth;
		};
		AAABF3A930103C2D00F9D18B /* FirebaseFirestore */ = {
			isa = XCSwiftPackageProductDependency;
			package = AAABF3A330103B8A00F9D18B /* XCRemoteSwiftPackageReference "firebase-ios-sdk" */;
			productName = FirebaseFirestore;
		};
		AAABF3AB30103C3400F9D18B /* FirebaseMessaging */ = {
			isa = XCSwiftPackageProductDependency;
			package = AAABF3A330103B8A00F9D18B /* XCRemoteSwiftPackageReference "firebase-ios-sdk" */;
			productName = FirebaseMessaging;
		};
		AAABF3AD30103C4000F9D18B /* FirebaseStorage */ = {
			isa = XCSwiftPackageProductDependency;
			package = AAABF3A330103B8A00F9D18B /* XCRemoteSwiftPackageReference "firebase-ios-sdk" */;
			productName = FirebaseStorage;
		};
		AB91A4EF3011803900162262 /* StreamChat */ = {
			isa = XCSwiftPackageProductDependency;
			productName = StreamChat;
		};
/* End XCSwiftPackageProductDependency section */
	};
	rootObject = AAABF36B30102DD000F9D18B /* Project object */;
}
